
Microsoft Visual Studio Solution File, Format Version 12.00
# Visual Studio Version 16
VisualStudioVersion = 16.0.29123.89
MinimumVisualStudioVersion = 10.0.40219.1
Project("{9A19103F-16F7-4668-BE54-9A1E7A4F7556}") = "Caching.Redis.OpenTracing", "Caching.Redis.OpenTracing.csproj", "{E94C631B-62A7-43D2-9004-E848DB13CA9B}"
EndProject
Global
	GlobalSection(SolutionConfigurationPlatforms) = preSolution
		Debug|Any CPU = Debug|Any CPU
		Release|Any CPU = Release|Any CPU
	EndGlobalSection
	GlobalSection(ProjectConfigurationPlatforms) = postSolution
		{E94C631B-62A7-43D2-9004-E848DB13CA9B}.Debug|Any CPU.ActiveCfg = Debug|Any CPU
		{E94C631B-62A7-43D2-9004-E848DB13CA9B}.Debug|Any CPU.Build.0 = Debug|Any CPU
		{E94C631B-62A7-43D2-9004-E848DB13CA9B}.Release|Any CPU.ActiveCfg = Release|Any CPU
		{E94C631B-62A7-43D2-9004-E848DB13CA9B}.Release|Any CPU.Build.0 = Release|Any CPU
	EndGlobalSection
	GlobalSection(SolutionProperties) = preSolution
		HideSolutionNode = FALSE
	EndGlobalSection
	GlobalSection(ExtensibilityGlobals) = postSolution
		SolutionGuid = {378D1D5C-D069-4DED-BA36-18E454251584}
	EndGlobalSection
EndGlobal
